github.com/ne-sachirou/go-graceful v0.2.1 h1:T44/l7YhRUEen2AMytbhiymjTSB90KuUWC1C9cga/0w=
github.com/ne-sachirou/go-graceful v0.2.1/go.mod h1:abJjTkoxEHvKIitpd8ioCXaDuF1GWkYAYlKQNw38XfY=
github.com/thinkgos/httpcurl v0.1.2 h1:tKh623+2PTtf2jB26EwyzEdMDzexjldmEeRWvks4lhc=
github.com/thinkgos/httpcurl v0.1.2/go.mod h1:6/oHRxFowU4lpWVkG0gTZhxsILTUosgzHTAUsUvhANM=
